Microsoft Visual Studio Solution File, Format Version 12.00
# Visual Studio Version 17
VisualStudioVersion = 17.5.2.0
MinimumVisualStudioVersion = 10.0.40219.1
Project("{FAE04EC0-301F-11D3-BF4B-00C04F79EFBC}") = "Gelato", "Gelato.csproj", "{BD49D22F-CAE9-7FAF-32E5-4708975FD362}"
EndProject
Project("{FAE04EC0-301F-11D3-BF4B-00C04F79EFBC}") = "Gelato.Tests", "Tests\Gelato.Tests.csproj", "{7C895AF5-CF3F-4DB5-B216-994005F78F1B}"
EndProject
Global
	GlobalSection(SolutionConfigurationPlatforms) = preSolution
		Debug|Any CPU = Debug|Any CPU
		Release|Any CPU = Release|Any CPU
	EndGlobalSection
	GlobalSection(ProjectConfigurationPlatforms) = postSolution
		{BD49D22F-CAE9-7FAF-32E5-4708975FD362}.Debug|Any CPU.ActiveCfg = Debug|Any CPU
		{BD49D22F-CAE9-7FAF-32E5-4708975FD362}.Debug|Any CPU.Build.0 = Debug|Any CPU
		{BD49D22F-CAE9-7FAF-32E5-4708975FD362}.Release|Any CPU.ActiveCfg = Release|Any CPU
		{BD49D22F-CAE9-7FAF-32E5-4708975FD362}.Release|Any CPU.Build.0 = Release|Any CPU
		{7C895AF5-CF3F-4DB5-B216-994005F78F1B}.Debug|Any CPU.ActiveCfg = Debug|Any CPU
		{7C895AF5-CF3F-4DB5-B216-994005F78F1B}.Debug|Any CPU.Build.0 = Debug|Any CPU
		{7C895AF5-CF3F-4DB5-B216-994005F78F1B}.Release|Any CPU.ActiveCfg = Release|Any CPU
		{7C895AF5-CF3F-4DB5-B216-994005F78F1B}.Release|Any CPU.Build.0 = Release|Any CPU
	EndGlobalSection
	GlobalSection(SolutionProperties) = preSolution
		HideSolutionNode = FALSE
	EndGlobalSection
	GlobalSection(ExtensibilityGlobals) = postSolution
		SolutionGuid = {073A3D2A-941D-4118-8295-6A4382F0B3C9}
	EndGlobalSection
EndGlobal
